
Microsoft Visual Studio Solution File, Format Version 12.00
# Visual Studio Version 17
VisualStudioVersion = 17.7.34018.315
MinimumVisualStudioVersion = 10.0.40219.1
Project("{9A19103F-16F7-4668-BE54-9A1E7A4F7556}") = "Shopping", "Shopping\Shopping.csproj", "{66D5492C-5A58-491E-9214-6D2C370153B6}"
EndProject
Project("{9A19103F-16F7-4668-BE54-9A1E7A4F7556}") = "Shopping.Core", "Shopping.Core\Shopping.Core.csproj", "{7F8DBBE5-1876-4B06-85DF-ED501A4B1680}"
EndProject
Project("{9A19103F-16F7-4668-BE54-9A1E7A4F7556}") = "Shopping.Database", "Shopping.Database\Shopping.Database.csproj", "{C2EC15F2-4247-4F92-8C5E-9C66F90DCABB}"
EndProject
Global
	GlobalSection(SolutionConfigurationPlatforms) = preSolution
		Debug|Any CPU = Debug|Any CPU
		Release|Any CPU = Release|Any CPU
	EndGlobalSection
	GlobalSection(ProjectConfigurationPlatforms) = postSolution
		{66D5492C-5A58-491E-9214-6D2C370153B6}.Debug|Any CPU.ActiveCfg = Debug|Any CPU
		{66D5492C-5A58-491E-9214-6D2C370153B6}.Debug|Any CPU.Build.0 = Debug|Any CPU
		{66D5492C-5A58-491E-9214-6D2C370153B6}.Release|Any CPU.ActiveCfg = Release|Any CPU
		{66D5492C-5A58-491E-9214-6D2C370153B6}.Release|Any CPU.Build.0 = Release|Any CPU
		{7F8DBBE5-1876-4B06-85DF-ED501A4B1680}.Debug|Any CPU.ActiveCfg = Debug|Any CPU
		{7F8DBBE5-1876-4B06-85DF-ED501A4B1680}.Debug|Any CPU.Build.0 = Debug|Any CPU
		{7F8DBBE5-1876-4B06-85DF-ED501A4B1680}.Release|Any CPU.ActiveCfg = Release|Any CPU
		{7F8DBBE5-1876-4B06-85DF-ED501A4B1680}.Release|Any CPU.Build.0 = Release|Any CPU
		{C2EC15F2-4247-4F92-8C5E-9C66F90DCABB}.Debug|Any CPU.ActiveCfg = Debug|Any CPU
		{C2EC15F2-4247-4F92-8C5E-9C66F90DCABB}.Debug|Any CPU.Build.0 = Debug|Any CPU
		{C2EC15F2-4247-4F92-8C5E-9C66F90DCABB}.Release|Any CPU.ActiveCfg = Release|Any CPU
		{C2EC15F2-4247-4F92-8C5E-9C66F90DCABB}.Release|Any CPU.Build.0 = Release|Any CPU
	EndGlobalSection
	GlobalSection(SolutionProperties) = preSolution
		HideSolutionNode = FALSE
	EndGlobalSection
	GlobalSection(ExtensibilityGlobals) = postSolution
		SolutionGuid = {19A8183D-1800-48DB-BEB3-2C9EB7F260EA}
	EndGlobalSection
EndGlobal
